
Microsoft Visual Studio Solution File, Format Version 12.00
# Visual Studio Version 17
VisualStudioVersion = 17.5.33103.201
MinimumVisualStudioVersion = 10.0.40219.1
Project("{9A19103F-16F7-4668-BE54-9A1E7A4F7556}") = "TemplateProject", "TemplateProject\TemplateProject.csproj", "{45B8E231-B37D-4443-A9BF-EA6EEF1D8C94}"
EndProject
Project("{9A19103F-16F7-4668-BE54-9A1E7A4F7556}") = "AdventUtilities", "AdventUtilities\AdventUtilities.csproj", "{87B51F3F-9CDA-4A4E-8D7A-131146677F92}"
EndProject
Project("{9A19103F-16F7-4668-BE54-9A1E7A4F7556}") = "Day1", "Day1\Day1.csproj", "{A34F8E0A-FA3A-426F-B8FC-C09015DB2ADA}"
EndProject
Project("{9A19103F-16F7-4668-BE54-9A1E7A4F7556}") = "Day2", "Day2\Day2.csproj", "{92ABDAB9-A178-4F25-8710-33C0272EF0C2}"
EndProject
Project("{9A19103F-16F7-4668-BE54-9A1E7A4F7556}") = "Day3", "Day3\Day3.csproj", "{742FDD0E-03DD-4594-ADCC-723EDECAFC98}"
EndProject
Project("{9A19103F-16F7-4668-BE54-9A1E7A4F7556}") = "Day4", "Day4\Day4.csproj", "{AA97DBC4-A660-4E13-917C-8C9F8CCBC94A}"
EndProject
Project("{9A19103F-16F7-4668-BE54-9A1E7A4F7556}") = "Day5", "Day5\Day5.csproj", "{8B6C64BB-0875-4BB6-82A4-9163B555F292}"
EndProject
Project("{9A19103F-16F7-4668-BE54-9A1E7A4F7556}") = "Day6", "Day6\Day6.csproj", "{1A203923-7468-4FA5-8BE7-AD6736B6CD2A}"
EndProject
Project("{9A19103F-16F7-4668-BE54-9A1E7A4F7556}") = "Day7", "Day7\Day7.csproj", "{EAA07565-E00F-4B26-9C4C-06E4215C76E9}"
EndProject
Project("{9A19103F-16F7-4668-BE54-9A1E7A4F7556}") = "Day8", "Day8\Day8.csproj", "{D06E5EBB-5E6A-48B0-9B9A-67FC7958A945}"
EndProject
Project("{9A19103F-16F7-4668-BE54-9A1E7A4F7556}") = "Day9", "Day9\Day9.csproj", "{DE52E41A-AB0C-4D21-8321-E38F18E15685}"
EndProject
Project("{9A19103F-16F7-4668-BE54-9A1E7A4F7556}") = "Day10", "Day10\Day10.csproj", "{3A6171FE-A3C9-42EC-AEC3-B253ECEE1291}"
EndProject
Project("{9A19103F-16F7-4668-BE54-9A1E7A4F7556}") = "Day11", "Day11\Day11.csproj", "{D9E60ADA-5CF8-4771-A633-97B2050B868C}"
EndProject
Project("{9A19103F-16F7-4668-BE54-9A1E7A4F7556}") = "Day13", "Day12\Day13.csproj", "{A5565DBF-5651-4283-B010-805AB51EC527}"
EndProject
Global
	GlobalSection(SolutionConfigurationPlatforms) = preSolution
		Debug|Any CPU = Debug|Any CPU
		Release|Any CPU = Release|Any CPU
	EndGlobalSection
	GlobalSection(ProjectConfigurationPlatforms) = postSolution
		{45B8E231-B37D-4443-A9BF-EA6EEF1D8C94}.Debug|Any CPU.ActiveCfg = Debug|Any CPU
		{45B8E231-B37D-4443-A9BF-EA6EEF1D8C94}.Debug|Any CPU.Build.0 = Debug|Any CPU
		{45B8E231-B37D-4443-A9BF-EA6EEF1D8C94}.Release|Any CPU.ActiveCfg = Release|Any CPU
		{45B8E231-B37D-4443-A9BF-EA6EEF1D8C94}.Release|Any CPU.Build.0 = Release|Any CPU
		{87B51F3F-9CDA-4A4E-8D7A-131146677F92}.Debug|Any CPU.ActiveCfg = Debug|Any CPU
		{87B51F3F-9CDA-4A4E-8D7A-131146677F92}.Debug|Any CPU.Build.0 = Debug|Any CPU
		{87B51F3F-9CDA-4A4E-8D7A-131146677F92}.Release|Any CPU.ActiveCfg = Release|Any CPU
		{87B51F3F-9CDA-4A4E-8D7A-131146677F92}.Release|Any CPU.Build.0 = Release|Any CPU
		{A34F8E0A-FA3A-426F-B8FC-C09015DB2ADA}.Debug|Any CPU.ActiveCfg = Debug|Any CPU
		{A34F8E0A-FA3A-426F-B8FC-C09015DB2ADA}.Debug|Any CPU.Build.0 = Debug|Any CPU
		{A34F8E0A-FA3A-426F-B8FC-C09015DB2ADA}.Release|Any CPU.ActiveCfg = Release|Any CPU
		{A34F8E0A-FA3A-426F-B8FC-C09015DB2ADA}.Release|Any CPU.Build.0 = Release|Any CPU
		{92ABDAB9-A178-4F25-8710-33C0272EF0C2}.Debug|Any CPU.ActiveCfg = Debug|Any CPU
		{92ABDAB9-A178-4F25-8710-33C0272EF0C2}.Debug|Any CPU.Build.0 = Debug|Any CPU
		{92ABDAB9-A178-4F25-8710-33C0272EF0C2}.Release|Any CPU.ActiveCfg = Release|Any CPU
		{92ABDAB9-A178-4F25-8710-33C0272EF0C2}.Release|Any CPU.Build.0 = Release|Any CPU
		{742FDD0E-03DD-4594-ADCC-723EDECAFC98}.Debug|Any CPU.ActiveCfg = Debug|Any CPU
		{742FDD0E-03DD-4594-ADCC-723EDECAFC98}.Debug|Any CPU.Build.0 = Debug|Any CPU
		{742FDD0E-03DD-4594-ADCC-723EDECAFC98}.Release|Any CPU.ActiveCfg = Release|Any CPU
		{742FDD0E-03DD-4594-ADCC-723EDECAFC98}.Release|Any CPU.Build.0 = Release|Any CPU
		{AA97DBC4-A660-4E13-917C-8C9F8CCBC94A}.Debug|Any CPU.ActiveCfg = Debug|Any CPU
		{AA97DBC4-A660-4E13-917C-8C9F8CCBC94A}.Debug|Any CPU.Build.0 = Debug|Any CPU
		{AA97DBC4-A660-4E13-917C-8C9F8CCBC94A}.Release|Any CPU.ActiveCfg = Release|Any CPU
		{AA97DBC4-A660-4E13-917C-8C9F8CCBC94A}.Release|Any CPU.Build.0 = Release|Any CPU
		{8B6C64BB-0875-4BB6-82A4-9163B555F292}.Debug|Any CPU.ActiveCfg = Debug|Any CPU
		{8B6C64BB-0875-4BB6-82A4-9163B555F292}.Debug|Any CPU.Build.0 = Debug|Any CPU
		{8B6C64BB-0875-4BB6-82A4-9163B555F292}.Release|Any CPU.ActiveCfg = Release|Any CPU
		{8B6C64BB-0875-4BB6-82A4-9163B555F292}.Release|Any CPU.Build.0 = Release|Any CPU
		{1A203923-7468-4FA5-8BE7-AD6736B6CD2A}.Debug|Any CPU.ActiveCfg = Debug|Any CPU
		{1A203923-7468-4FA5-8BE7-AD6736B6CD2A}.Debug|Any CPU.Build.0 = Debug|Any CPU
		{1A203923-7468-4FA5-8BE7-AD6736B6CD2A}.Release|Any CPU.ActiveCfg = Release|Any CPU
		{1A203923-7468-4FA5-8BE7-AD6736B6CD2A}.Release|Any CPU.Build.0 = Release|Any CPU
		{EAA07565-E00F-4B26-9C4C-06E4215C76E9}.Debug|Any CPU.ActiveCfg = Debug|Any CPU
		{EAA07565-E00F-4B26-9C4C-06E4215C76E9}.Debug|Any CPU.Build.0 = Debug|Any CPU
		{EAA07565-E00F-4B26-9C4C-06E4215C76E9}.Release|Any CPU.ActiveCfg = Release|Any CPU
		{EAA07565-E00F-4B26-9C4C-06E4215C76E9}.Release|Any CPU.Build.0 = Release|Any CPU
		{D06E5EBB-5E6A-48B0-9B9A-67FC7958A945}.Debug|Any CPU.ActiveCfg = Debug|Any CPU
		{D06E5EBB-5E6A-48B0-9B9A-67FC7958A945}.Debug|Any CPU.Build.0 = Debug|Any CPU
		{D06E5EBB-5E6A-48B0-9B9A-67FC7958A945}.Release|Any CPU.ActiveCfg = Release|Any CPU
		{D06E5EBB-5E6A-48B0-9B9A-67FC7958A945}.Release|Any CPU.Build.0 = Release|Any CPU
		{DE52E41A-AB0C-4D21-8321-E38F18E15685}.Debug|Any CPU.ActiveCfg = Debug|Any CPU
		{DE52E41A-AB0C-4D21-8321-E38F18E15685}.Debug|Any CPU.Build.0 = Debug|Any CPU
		{DE52E41A-AB0C-4D21-8321-E38F18E15685}.Release|Any CPU.ActiveCfg = Release|Any CPU
		{DE52E41A-AB0C-4D21-8321-E38F18E15685}.Release|Any CPU.Build.0 = Release|Any CPU
		{3A6171FE-A3C9-42EC-AEC3-B253ECEE1291}.Debug|Any CPU.ActiveCfg = Debug|Any CPU
		{3A6171FE-A3C9-42EC-AEC3-B253ECEE1291}.Debug|Any CPU.Build.0 = Debug|Any CPU
		{3A6171FE-A3C9-42EC-AEC3-B253ECEE1291}.Release|Any CPU.ActiveCfg = Release|Any CPU
		{3A6171FE-A3C9-42EC-AEC3-B253ECEE1291}.Release|Any CPU.Build.0 = Release|Any CPU
		{D9E60ADA-5CF8-4771-A633-97B2050B868C}.Debug|Any CPU.ActiveCfg = Debug|Any CPU
		{D9E60ADA-5CF8-4771-A633-97B2050B868C}.Debug|Any CPU.Build.0 = Debug|Any CPU
		{D9E60ADA-5CF8-4771-A633-97B2050B868C}.Release|Any CPU.ActiveCfg = Release|Any CPU
		{D9E60ADA-5CF8-4771-A633-97B2050B868C}.Release|Any CPU.Build.0 = Release|Any CPU
		{A5565DBF-5651-4283-B010-805AB51EC527}.Debug|Any CPU.ActiveCfg = Debug|Any CPU
		{A5565DBF-5651-4283-B010-805AB51EC527}.Debug|Any CPU.Build.0 = Debug|Any CPU
		{A5565DBF-5651-4283-B010-805AB51EC527}.Release|Any CPU.ActiveCfg = Release|Any CPU
		{A5565DBF-5651-4283-B010-805AB51EC527}.Release|Any CPU.Build.0 = Release|Any CPU
	EndGlobalSection
	GlobalSection(SolutionProperties) = preSolution
		HideSolutionNode = FALSE
	EndGlobalSection
	GlobalSection(ExtensibilityGlobals) = postSolution
		SolutionGuid = {8FCDDF95-7B18-43C2-85B9-659B645CDB14}
	EndGlobalSection
EndGlobal
